
Microsoft Visual Studio Solution File, Format Version 12.00
# Visual Studio Version 17
VisualStudioVersion = 17.10.34928.147
MinimumVisualStudioVersion = 10.0.40219.1
Project("{9A19103F-16F7-4668-BE54-9A1E7A4F7556}") = "Entities", "Entities\Entities.csproj", "{67A1873D-E57E-47F5-8D57-6FFEF6696162}"
EndProject
Project("{9A19103F-16F7-4668-BE54-9A1E7A4F7556}") = "Repositories", "Repositories\Repositories.csproj", "{38D145AB-295A-4F9A-A36B-890AA5448736}"
EndProject
Project("{FAE04EC0-301F-11D3-BF4B-00C04F79EFBC}") = "Services", "Services\Services.csproj", "{E82C56A4-6B4C-4894-BA37-8CF89769202D}"
EndProject
Project("{FAE04EC0-301F-11D3-BF4B-00C04F79EFBC}") = "Presentation", "Presentation\Presentation.csproj", "{FD6DDD6D-85B5-4341-BEE3-9EAF027D206E}"
EndProject
Project("{FAE04EC0-301F-11D3-BF4B-00C04F79EFBC}") = "WebApplication1", "WebApplication1\WebApplication1.csproj", "{604B12AA-94F5-4AB8-9AD2-ECBA0E77EF4A}"
EndProject
Global
	GlobalSection(SolutionConfigurationPlatforms) = preSolution
		Debug|Any CPU = Debug|Any CPU
		Release|Any CPU = Release|Any CPU
	EndGlobalSection
	GlobalSection(ProjectConfigurationPlatforms) = postSolution
		{67A1873D-E57E-47F5-8D57-6FFEF6696162}.Debug|Any CPU.ActiveCfg = Debug|Any CPU
		{67A1873D-E57E-47F5-8D57-6FFEF6696162}.Debug|Any CPU.Build.0 = Debug|Any CPU
		{67A1873D-E57E-47F5-8D57-6FFEF6696162}.Release|Any CPU.ActiveCfg = Release|Any CPU
		{67A1873D-E57E-47F5-8D57-6FFEF6696162}.Release|Any CPU.Build.0 = Release|Any CPU
		{38D145AB-295A-4F9A-A36B-890AA5448736}.Debug|Any CPU.ActiveCfg = Debug|Any CPU
		{38D145AB-295A-4F9A-A36B-890AA5448736}.Debug|Any CPU.Build.0 = Debug|Any CPU
		{38D145AB-295A-4F9A-A36B-890AA5448736}.Release|Any CPU.ActiveCfg = Release|Any CPU
		{38D145AB-295A-4F9A-A36B-890AA5448736}.Release|Any CPU.Build.0 = Release|Any CPU
		{E82C56A4-6B4C-4894-BA37-8CF89769202D}.Debug|Any CPU.ActiveCfg = Debug|Any CPU
		{E82C56A4-6B4C-4894-BA37-8CF89769202D}.Debug|Any CPU.Build.0 = Debug|Any CPU
		{E82C56A4-6B4C-4894-BA37-8CF89769202D}.Release|Any CPU.ActiveCfg = Release|Any CPU
		{E82C56A4-6B4C-4894-BA37-8CF89769202D}.Release|Any CPU.Build.0 = Release|Any CPU
		{FD6DDD6D-85B5-4341-BEE3-9EAF027D206E}.Debug|Any CPU.ActiveCfg = Debug|Any CPU
		{FD6DDD6D-85B5-4341-BEE3-9EAF027D206E}.Debug|Any CPU.Build.0 = Debug|Any CPU
		{FD6DDD6D-85B5-4341-BEE3-9EAF027D206E}.Release|Any CPU.ActiveCfg = Release|Any CPU
		{FD6DDD6D-85B5-4341-BEE3-9EAF027D206E}.Release|Any CPU.Build.0 = Release|Any CPU
		{604B12AA-94F5-4AB8-9AD2-ECBA0E77EF4A}.Debug|Any CPU.ActiveCfg = Debug|Any CPU
		{604B12AA-94F5-4AB8-9AD2-ECBA0E77EF4A}.Debug|Any CPU.Build.0 = Debug|Any CPU
		{604B12AA-94F5-4AB8-9AD2-ECBA0E77EF4A}.Release|Any CPU.ActiveCfg = Release|Any CPU
		{604B12AA-94F5-4AB8-9AD2-ECBA0E77EF4A}.Release|Any CPU.Build.0 = Release|Any CPU
	EndGlobalSection
	GlobalSection(SolutionProperties) = preSolution
		HideSolutionNode = FALSE
	EndGlobalSection
	GlobalSection(ExtensibilityGlobals) = postSolution
		SolutionGuid = {FDFB2A7F-F57E-4336-9DA0-47480BB93616}
	EndGlobalSection
EndGlobal
